
Microsoft Visual Studio Solution File, Format Version 12.00
# Visual Studio Version 17
VisualStudioVersion = 17.14.36127.28 d17.14
MinimumVisualStudioVersion = 10.0.40219.1
Project("{FAE04EC0-301F-11D3-BF4B-00C04F79EFBC}") = "MK7_KMP_Updater", "MK7_KMP_Updater\MK7_KMP_Updater.csproj", "{966EA3FE-967B-42A1-9D3F-F86CED27188B}"
EndProject
Global
	GlobalSection(SolutionConfigurationPlatforms) = preSolution
		Debug|Any CPU = Debug|Any CPU
		Release|Any CPU = Release|Any CPU
	EndGlobalSection
	GlobalSection(ProjectConfigurationPlatforms) = postSolution
		{966EA3FE-967B-42A1-9D3F-F86CED27188B}.Debug|Any CPU.ActiveCfg = Debug|Any CPU
		{966EA3FE-967B-42A1-9D3F-F86CED27188B}.Debug|Any CPU.Build.0 = Debug|Any CPU
		{966EA3FE-967B-42A1-9D3F-F86CED27188B}.Release|Any CPU.ActiveCfg = Release|Any CPU
		{966EA3FE-967B-42A1-9D3F-F86CED27188B}.Release|Any CPU.Build.0 = Release|Any CPU
	EndGlobalSection
	GlobalSection(SolutionProperties) = preSolution
		HideSolutionNode = FALSE
	EndGlobalSection
	GlobalSection(ExtensibilityGlobals) = postSolution
		SolutionGuid = {B5FB4C60-7014-4046-8E01-970D38633A2F}
	EndGlobalSection
EndGlobal
